# This file was autogenerated by uv via the following command:
#    uv pip compile --python .venv-media/bin/python runtimes/ComfyUI/requirements.txt -o scripts/media-requirements.lock
aiohappyeyeballs==2.7.1
    # via aiohttp
aiohttp==3.14.3
    # via -r runtimes/ComfyUI/requirements.txt
aiosignal==1.4.0
    # via aiohttp
alembic==1.20.0
    # via -r runtimes/ComfyUI/requirements.txt
annotated-doc==0.0.5
    # via typer
annotated-types==0.8.0
    # via pydantic
anyio==4.15.1
    # via httpx
attrs==26.1.0
    # via aiohttp
av==18.1.0
    # via -r runtimes/ComfyUI/requirements.txt
blake3==1.0.9
    # via -r runtimes/ComfyUI/requirements.txt
certifi==2026.7.22
    # via
    #   httpcore
    #   httpx
    #   requests
charset-normalizer==3.5.1
    # via requests
click==8.5.0
    # via huggingface-hub
comfy-aimdo==0.5.5
    # via -r runtimes/ComfyUI/requirements.txt
comfy-angle==0.1.1
    # via -r runtimes/ComfyUI/requirements.txt
comfy-kitchen==0.2.34
    # via -r runtimes/ComfyUI/requirements.txt
comfyui-embedded-docs==0.5.11
    # via -r runtimes/ComfyUI/requirements.txt
comfyui-frontend-package==1.52.7
    # via -r runtimes/ComfyUI/requirements.txt
comfyui-workflow-templates==0.11.62
    # via -r runtimes/ComfyUI/requirements.txt
comfyui-workflow-templates-core==0.3.350
    # via comfyui-workflow-templates
comfyui-workflow-templates-json==0.1.85
    # via comfyui-workflow-templates
comfyui-workflow-templates-media-api==0.3.84
    # via comfyui-workflow-templates
comfyui-workflow-templates-media-assets-01==0.1.46
    # via comfyui-workflow-templates
comfyui-workflow-templates-media-image==0.3.160
    # via comfyui-workflow-templates
comfyui-workflow-templates-media-other==0.3.229
    # via comfyui-workflow-templates
comfyui-workflow-templates-media-video==0.3.101
    # via comfyui-workflow-templates
einops==0.8.2
    # via
    #   -r runtimes/ComfyUI/requirements.txt
    #   spandrel
filelock==4.0.0
    # via
    #   -r runtimes/ComfyUI/requirements.txt
    #   huggingface-hub
    #   torch
frozenlist==1.8.0
    # via
    #   aiohttp
    #   aiosignal
fsspec==2026.7.0
    # via
    #   huggingface-hub
    #   torch
h11==0.16.0
    # via httpcore
hf-xet==1.6.0
    # via huggingface-hub
httpcore==1.0.9
    # via httpx
httpx==0.28.1
    # via huggingface-hub
huggingface-hub==1.32.0
    # via
    #   tokenizers
    #   transformers
idna==3.20
    # via
    #   anyio
    #   httpx
    #   requests
    #   yarl
jinja2==3.1.6
    # via torch
kornia==0.8.3
    # via -r runtimes/ComfyUI/requirements.txt
kornia-rs==0.1.14
    # via kornia
mako==1.4.1
    # via alembic
markdown-it-py==4.2.0
    # via rich
markupsafe==3.0.3
    # via
    #   jinja2
    #   mako
mdurl==0.1.2
    # via markdown-it-py
mpmath==1.3.0
    # via sympy
multidict==6.8.0
    # via
    #   aiohttp
    #   yarl
networkx==3.6.1
    # via torch
numpy==2.5.3
    # via
    #   -r runtimes/ComfyUI/requirements.txt
    #   scipy
    #   spandrel
    #   torchsde
    #   torchvision
    #   transformers
packaging==26.3
    # via
    #   huggingface-hub
    #   kornia
    #   transformers
pillow==12.3.0
    # via
    #   -r runtimes/ComfyUI/requirements.txt
    #   torchvision
propcache==0.5.4
    # via
    #   aiohttp
    #   yarl
psutil==7.2.2
    # via -r runtimes/ComfyUI/requirements.txt
pydantic==2.13.5
    # via
    #   -r runtimes/ComfyUI/requirements.txt
    #   pydantic-settings
pydantic-core==2.46.5
    # via pydantic
pydantic-settings==2.15.0
    # via -r runtimes/ComfyUI/requirements.txt
pygments==2.21.0
    # via rich
pyopengl==3.1.10
    # via -r runtimes/ComfyUI/requirements.txt
python-dotenv==1.2.3
    # via pydantic-settings
pyyaml==6.0.3
    # via
    #   -r runtimes/ComfyUI/requirements.txt
    #   huggingface-hub
    #   transformers
regex==2026.9.10
    # via transformers
requests==2.34.2
    # via -r runtimes/ComfyUI/requirements.txt
rich==15.0.0
    # via typer
safetensors==0.8.0
    # via
    #   -r runtimes/ComfyUI/requirements.txt
    #   spandrel
    #   transformers
scipy==1.18.1
    # via
    #   -r runtimes/ComfyUI/requirements.txt
    #   torchsde
sentencepiece==0.2.2
    # via -r runtimes/ComfyUI/requirements.txt
setuptools==84.0.0
    # via torch
shellingham==1.5.4
    # via typer
simpleeval==1.0.8
    # via -r runtimes/ComfyUI/requirements.txt
spandrel==0.4.2
    # via -r runtimes/ComfyUI/requirements.txt
sqlalchemy==2.0.54
    # via
    #   -r runtimes/ComfyUI/requirements.txt
    #   alembic
sympy==1.14.0
    # via torch
tokenizers==0.23.2
    # via
    #   -r runtimes/ComfyUI/requirements.txt
    #   transformers
torch==2.14.0
    # via
    #   -r runtimes/ComfyUI/requirements.txt
    #   kornia
    #   spandrel
    #   torchsde
    #   torchvision
torchaudio==2.11.0
    # via -r runtimes/ComfyUI/requirements.txt
torchsde==0.2.6
    # via -r runtimes/ComfyUI/requirements.txt
torchvision==0.29.0
    # via
    #   -r runtimes/ComfyUI/requirements.txt
    #   spandrel
tqdm==4.70.1
    # via
    #   -r runtimes/ComfyUI/requirements.txt
    #   huggingface-hub
    #   transformers
trampoline==0.1.2
    # via torchsde
transformers==5.17.0
    # via -r runtimes/ComfyUI/requirements.txt
typer==0.27.2
    # via transformers
typing-extensions==4.16.0
    # via
    #   aiohttp
    #   aiosignal
    #   alembic
    #   anyio
    #   huggingface-hub
    #   pydantic
    #   pydantic-core
    #   spandrel
    #   sqlalchemy
    #   torch
    #   typing-inspection
typing-inspection==0.4.4
    # via
    #   pydantic
    #   pydantic-settings
urllib3==2.8.0
    # via requests
yarl==1.25.1
    # via
    #   -r runtimes/ComfyUI/requirements.txt
    #   aiohttp
